
Microsoft Visual Studio Solution File, Format Version 12.00
# Visual Studio Version 17
VisualStudioVersion = 17.0.31903.59
MinimumVisualStudioVersion = 10.0.40219.1
Project("{FAE04EC0-301F-11D3-BF4B-00C04F79EFBC}") = "API", "API\API.csproj", "{31982309-8E0A-4BB6-B82C-BF8D362FDA02}"
EndProject
Project("{FAE04EC0-301F-11D3-BF4B-00C04F79EFBC}") = "Core", "Core\Core.csproj", "{1A52D6E9-19B3-429F-9620-E28182F6945B}"
EndProject
Project("{FAE04EC0-301F-11D3-BF4B-00C04F79EFBC}") = "Infrastructure", "Infrastructure\Infrastructure.csproj", "{4CE3435F-4CFD-4F5D-95DB-D2A09E1C50AF}"
EndProject
Global
	GlobalSection(SolutionConfigurationPlatforms) = preSolution
		Debug|Any CPU = Debug|Any CPU
		Release|Any CPU = Release|Any CPU
	EndGlobalSection
	GlobalSection(SolutionProperties) = preSolution
		HideSolutionNode = FALSE
	EndGlobalSection
	GlobalSection(ProjectConfigurationPlatforms) = postSolution
		{31982309-8E0A-4BB6-B82C-BF8D362FDA02}.Debug|Any CPU.ActiveCfg = Debug|Any CPU
		{31982309-8E0A-4BB6-B82C-BF8D362FDA02}.Debug|Any CPU.Build.0 = Debug|Any CPU
		{31982309-8E0A-4BB6-B82C-BF8D362FDA02}.Release|Any CPU.ActiveCfg = Release|Any CPU
		{31982309-8E0A-4BB6-B82C-BF8D362FDA02}.Release|Any CPU.Build.0 = Release|Any CPU
		{1A52D6E9-19B3-429F-9620-E28182F6945B}.Debug|Any CPU.ActiveCfg = Debug|Any CPU
		{1A52D6E9-19B3-429F-9620-E28182F6945B}.Debug|Any CPU.Build.0 = Debug|Any CPU
		{1A52D6E9-19B3-429F-9620-E28182F6945B}.Release|Any CPU.ActiveCfg = Release|Any CPU
		{1A52D6E9-19B3-429F-9620-E28182F6945B}.Release|Any CPU.Build.0 = Release|Any CPU
		{4CE3435F-4CFD-4F5D-95DB-D2A09E1C50AF}.Debug|Any CPU.ActiveCfg = Debug|Any CPU
		{4CE3435F-4CFD-4F5D-95DB-D2A09E1C50AF}.Debug|Any CPU.Build.0 = Debug|Any CPU
		{4CE3435F-4CFD-4F5D-95DB-D2A09E1C50AF}.Release|Any CPU.ActiveCfg = Release|Any CPU
		{4CE3435F-4CFD-4F5D-95DB-D2A09E1C50AF}.Release|Any CPU.Build.0 = Release|Any CPU
	EndGlobalSection
EndGlobal
